
Microsoft Visual Studio Solution File, Format Version 12.00
# Visual Studio Version 16
VisualStudioVersion = 16.0.32929.386
MinimumVisualStudioVersion = 10.0.40219.1
Project("{C9674DCB-5085-4A16-B785-4C70DD1589BD}") = "KafkaSSIS", "KafkaSSIS\KafkaSSIS.dtproj", "{7C97C30F-3647-4565-B46E-3590AD9313C7}"
EndProject
Global
	GlobalSection(SolutionConfigurationPlatforms) = preSolution
		Development|Default = Development|Default
		Productive|Default = Productive|Default
	EndGlobalSection
	GlobalSection(ProjectConfigurationPlatforms) = postSolution
		{7C97C30F-3647-4565-B46E-3590AD9313C7}.Development|Default.ActiveCfg = Development
		{7C97C30F-3647-4565-B46E-3590AD9313C7}.Development|Default.Build.0 = Development
		{7C97C30F-3647-4565-B46E-3590AD9313C7}.Productive|Default.ActiveCfg = Productive
		{7C97C30F-3647-4565-B46E-3590AD9313C7}.Productive|Default.Build.0 = Productive
	EndGlobalSection
	GlobalSection(SolutionProperties) = preSolution
		HideSolutionNode = FALSE
	EndGlobalSection
	GlobalSection(ExtensibilityGlobals) = postSolution
		SolutionGuid = {2320C45C-E2ED-499A-B282-C682BBD91958}
	EndGlobalSection
EndGlobal
